
Microsoft Visual Studio Solution File, Format Version 12.00
Project("{FAE04EC0-301F-11D3-BF4B-00C04F79EFBC}") = "VegMarket.Desktop", "VegMarket.Desktop\VegMarket.Desktop.csproj", "{BE1722D2-EBB6-46CB-9F39-07B6400EE182}"
EndProject
Project("{FAE04EC0-301F-11D3-BF4B-00C04F79EFBC}") = "VegMarket.API", "VegMarket.API\VegMarket.API.csproj", "{45A9BB3C-6874-429B-B02E-6247F4F5B05C}"
EndProject
Global
	GlobalSection(SolutionConfigurationPlatforms) = preSolution
		Debug|Any CPU = Debug|Any CPU
		Release|Any CPU = Release|Any CPU
	EndGlobalSection
	GlobalSection(ProjectConfigurationPlatforms) = postSolution
		{BE1722D2-EBB6-46CB-9F39-07B6400EE182}.Debug|Any CPU.ActiveCfg = Debug|Any CPU
		{BE1722D2-EBB6-46CB-9F39-07B6400EE182}.Debug|Any CPU.Build.0 = Debug|Any CPU
		{BE1722D2-EBB6-46CB-9F39-07B6400EE182}.Release|Any CPU.ActiveCfg = Release|Any CPU
		{BE1722D2-EBB6-46CB-9F39-07B6400EE182}.Release|Any CPU.Build.0 = Release|Any CPU
		{45A9BB3C-6874-429B-B02E-6247F4F5B05C}.Debug|Any CPU.ActiveCfg = Debug|Any CPU
		{45A9BB3C-6874-429B-B02E-6247F4F5B05C}.Debug|Any CPU.Build.0 = Debug|Any CPU
		{45A9BB3C-6874-429B-B02E-6247F4F5B05C}.Release|Any CPU.ActiveCfg = Release|Any CPU
		{45A9BB3C-6874-429B-B02E-6247F4F5B05C}.Release|Any CPU.Build.0 = Release|Any CPU
	EndGlobalSection
EndGlobal
